// !$*UTF8*$!
{
	archiveVersion = 1;
	classes = {
	};
	objectVersion = 46;
	objects = {

/* Begin PBXBuildFile section */
		D824F4F41C0D475400205A16 /* AppDelegate.m in Sources */ = {isa = PBXBuildFile; fileRef = D824F4F31C0D475400205A16 /* AppDelegate.m */; };
		D824F4F71C0D475400205A16 /* main.m in Sources */ = {isa = PBXBuildFile; fileRef = D824F4F61C0D475400205A16 /* main.m */; };
		D824F4F91C0D475400205A16 /* Assets.xcassets in Resources */ = {isa = PBXBuildFile; fileRef = D824F4F81C0D475400205A16 /* Assets.xcassets */; };
		D824F4FC1C0D475400205A16 /* MainMenu.xib in Resources */ = {isa = PBXBuildFile; fileRef = D824F4FA1C0D475400205A16 /* MainMenu.xib */; };
		D824F52B1C0FE3D000205A16 /* OTAScript.sh in Resources */ = {isa = PBXBuildFile; fileRef = D824F52A1C0FE3D000205A16 /* OTAScript.sh */; };
		D877462F1C15484D0075291A /* plistGenerator.m in Sources */ = {isa = PBXBuildFile; fileRef = D877462E1C15484D0075291A /* plistGenerator.m */; };
		D87746361C1827880075291A /* Provisioning.m in Sources */ = {isa = PBXBuildFile; fileRef = D87746321C1827880075291A /* Provisioning.m */; };
		D87746371C1827880075291A /* SigningIdentity.m in Sources */ = {isa = PBXBuildFile; fileRef = D87746351C1827880075291A /* SigningIdentity.m */; };
/* End PBXBuildFile section */

/* Begin PBXFileReference section */
		D824F4EF1C0D475400205A16 /* OTA Builder.app */ = {isa = PBXFileReference; explicitFileType = wrapper.application; includeInIndex = 0; path = "OTA Builder.app"; sourceTree = BUILT_PRODUCTS_DIR; };
		D824F4F21C0D475400205A16 /* AppDelegate.h */ = {isa = PBXFileReference; lastKnownFileType = sourcecode.c.h; path = AppDelegate.h; sourceTree = "<group>"; };
		D824F4F31C0D475400205A16 /* AppDelegate.m */ = {isa = PBXFileReference; lastKnownFileType = sourcecode.c.objc; path = AppDelegate.m; sourceTree = "<group>"; };
		D824F4F61C0D475400205A16 /* main.m */ = {isa = PBXFileReference; lastKnownFileType = sourcecode.c.objc; path = main.m; sourceTree = "<group>"; };
		D824F4F81C0D475400205A16 /* Assets.xcassets */ = {isa = PBXFileReference; lastKnownFileType = folder.assetcatalog; path = Assets.xcassets; sourceTree = "<group>"; };
		D824F4FB1C0D475400205A16 /* Base */ = {isa = PBXFileReference; lastKnownFileType = file.xib; name = Base; path = Base.lproj/MainMenu.xib; sourceTree = "<group>"; };
		D824F4FD1C0D475400205A16 /* Info.plist */ = {isa = PBXFileReference; lastKnownFileType = text.plist.xml; path = Info.plist; sourceTree = "<group>"; };
		D824F5061C0D475400205A16 /* OTA_BuilderTests.m */ = {isa = PBXFileReference; lastKnownFileType = sourcecode.c.objc; path = OTA_BuilderTests.m; sourceTree = "<group>"; };
		D824F5081C0D475400205A16 /* Info.plist */ = {isa = PBXFileReference; lastKnownFileType = text.plist.xml; path = Info.plist; sourceTree = "<group>"; };
		D824F5111C0D475400205A16 /* OTA_BuilderUITests.m */ = {isa = PBXFileReference; lastKnownFileType = sourcecode.c.objc; path = OTA_BuilderUITests.m; sourceTree = "<group>"; };
		D824F5131C0D475400205A16 /* Info.plist */ = {isa = PBXFileReference; lastKnownFileType = text.plist.xml; path = Info.plist; sourceTree = "<group>"; };
		D824F52A1C0FE3D000205A16 /* OTAScript.sh */ = {isa = PBXFileReference; fileEncoding = 4; lastKnownFileType = text.script.sh; path = OTAScript.sh; sourceTree = "<group>"; };
		D877462D1C15484D0075291A /* plistGenerator.h */ = {isa = PBXFileReference; fileEncoding = 4; lastKnownFileType = sourcecode.c.h; path = plistGenerator.h; sourceTree = "<group>"; };
		D877462E1C15484D0075291A /* plistGenerator.m */ = {isa = PBXFileReference; fileEncoding = 4; lastKnownFileType = sourcecode.c.objc; path = plistGenerator.m; sourceTree = "<group>"; };
		D87746321C1827880075291A /* Provisioning.m */ = {isa = PBXFileReference; fileEncoding = 4; lastKnownFileType = sourcecode.c.objc; path = Provisioning.m; sourceTree = "<group>"; };
		D87746331C1827880075291A /* Provisioning.h */ = {isa = PBXFileReference; fileEncoding = 4; lastKnownFileType = sourcecode.c.h; path = Provisioning.h; sourceTree = "<group>"; };
		D87746341C1827880075291A /* SigningIdentity.h */ = {isa = PBXFileReference; fileEncoding = 4; lastKnownFileType = sourcecode.c.h; path = SigningIdentity.h; sourceTree = "<group>"; };
		D87746351C1827880075291A /* SigningIdentity.m */ = {isa = PBXFileReference; fileEncoding = 4; lastKnownFileType = sourcecode.c.objc; path = SigningIdentity.m; sourceTree = "<group>"; };
/* End PBXFileReference section */

/* Begin PBXFrameworksBuildPhase section */
		D824F4EC1C0D475400205A16 /* Frameworks */ = {
			isa = PBXFrameworksBuildPhase;
			buildActionMask = 2147483647;
			files = (
			);
			runOnlyForDeploymentPostprocessing = 0;
		};
/* End PBXFrameworksBuildPhase section */

/* Begin PBXGroup section */
		D824F4E61C0D475400205A16 = {
			isa = PBXGroup;
			children = (
				D824F4F11C0D475400205A16 /* OTA Builder */,
				D824F5051C0D475400205A16 /* OTA BuilderTests */,
				D824F5101C0D475400205A16 /* OTA BuilderUITests */,
				D824F4F01C0D475400205A16 /* Products */,
			);
			sourceTree = "<group>";
		};
		D824F4F01C0D475400205A16 /* Products */ = {
			isa = PBXGroup;
			children = (
				D824F4EF1C0D475400205A16 /* OTA Builder.app */,
			);
			name = Products;
			sourceTree = "<group>";
		};
		D824F4F11C0D475400205A16 /* OTA Builder */ = {
			isa = PBXGroup;
			children = (
				D824F4F21C0D475400205A16 /* AppDelegate.h */,
				D824F4F31C0D475400205A16 /* AppDelegate.m */,
				D824F4F81C0D475400205A16 /* Assets.xcassets */,
				D824F4FA1C0D475400205A16 /* MainMenu.xib */,
				D824F4FD1C0D475400205A16 /* Info.plist */,
				D824F4F51C0D475400205A16 /* Supporting Files */,
				D877462D1C15484D0075291A /* plistGenerator.h */,
				D877462E1C15484D0075291A /* plistGenerator.m */,
				D87746321C1827880075291A /* Provisioning.m */,
				D87746331C1827880075291A /* Provisioning.h */,
				D87746341C1827880075291A /* SigningIdentity.h */,
				D87746351C1827880075291A /* SigningIdentity.m */,
			);
			path = "OTA Builder";
			sourceTree = "<group>";
		};
		D824F4F51C0D475400205A16 /* Supporting Files */ = {
			isa = PBXGroup;
			children = (
				D824F52A1C0FE3D000205A16 /* OTAScript.sh */,
				D824F4F61C0D475400205A16 /* main.m */,
			);
			name = "Supporting Files";
			sourceTree = "<group>";
		};
		D824F5051C0D475400205A16 /* OTA BuilderTests */ = {
			isa = PBXGroup;
			children = (
				D824F5061C0D475400205A16 /* OTA_BuilderTests.m */,
				D824F5081C0D475400205A16 /* Info.plist */,
			);
			path = "OTA BuilderTests";
			sourceTree = "<group>";
		};
		D824F5101C0D475400205A16 /* OTA BuilderUITests */ = {
			isa = PBXGroup;
			children = (
				D824F5111C0D475400205A16 /* OTA_BuilderUITests.m */,
				D824F5131C0D475400205A16 /* Info.plist */,
			);
			path = "OTA BuilderUITests";
			sourceTree = "<group>";
		};
/* End PBXGroup section */

/* Begin PBXNativeTarget section */
		D824F4EE1C0D475400205A16 /* OTA Builder */ = {
			isa = PBXNativeTarget;
			buildConfigurationList = D824F5161C0D475400205A16 /* Build configuration list for PBXNativeTarget "OTA Builder" */;
			buildPhases = (
				D824F4EB1C0D475400205A16 /* Sources */,
				D824F4EC1C0D475400205A16 /* Frameworks */,
				D824F4ED1C0D475400205A16 /* Resources */,
			);
			buildRules = (
			);
			dependencies = (
			);
			name = "OTA Builder";
			productName = "OTA Builder";
			productReference = D824F4EF1C0D475400205A16 /* OTA Builder.app */;
			productType = "com.apple.product-type.application";
		};
/* End PBXNativeTarget section */

/* Begin PBXProject section */
		D824F4E71C0D475400205A16 /* Project object */ = {
			isa = PBXProject;
			attributes = {
				LastUpgradeCheck = 0710;
				ORGANIZATIONNAME = "Carson Wu";
				TargetAttributes = {
					D824F4EE1C0D475400205A16 = {
						CreatedOnToolsVersion = 7.1;
					};
				};
			};
			buildConfigurationList = D824F4EA1C0D475400205A16 /* Build configuration list for PBXProject "OTA Builder" */;
			compatibilityVersion = "Xcode 3.2";
			developmentRegion = English;
			hasScannedForEncodings = 0;
			knownRegions = (
				en,
				Base,
			);
			mainGroup = D824F4E61C0D475400205A16;
			productRefGroup = D824F4F01C0D475400205A16 /* Products */;
			projectDirPath = "";
			projectRoot = "";
			targets = (
				D824F4EE1C0D475400205A16 /* OTA Builder */,
			);
		};
/* End PBXProject section */

/* Begin PBXResourcesBuildPhase section */
		D824F4ED1C0D475400205A16 /* Resources */ = {
			isa = PBXResourcesBuildPhase;
			buildActionMask = 2147483647;
			files = (
				D824F52B1C0FE3D000205A16 /* OTAScript.sh in Resources */,
				D824F4F91C0D475400205A16 /* Assets.xcassets in Resources */,
				D824F4FC1C0D475400205A16 /* MainMenu.xib in Resources */,
			);
			runOnlyForDeploymentPostprocessing = 0;
		};
/* End PBXResourcesBuildPhase section */

/* Begin PBXSourcesBuildPhase section */
		D824F4EB1C0D475400205A16 /* Sources */ = {
			isa = PBXSourcesBuildPhase;
			buildActionMask = 2147483647;
			files = (
				D87746361C1827880075291A /* Provisioning.m in Sources */,
				D877462F1C15484D0075291A /* plistGenerator.m in Sources */,
				D824F4F71C0D475400205A16 /* main.m in Sources */,
				D87746371C1827880075291A /* SigningIdentity.m in Sources */,
				D824F4F41C0D475400205A16 /* AppDelegate.m in Sources */,
			);
			runOnlyForDeploymentPostprocessing = 0;
		};
/* End PBXSourcesBuildPhase section */

/* Begin PBXVariantGroup section */
		D824F4FA1C0D475400205A16 /* MainMenu.xib */ = {
			isa = PBXVariantGroup;
			children = (
				D824F4FB1C0D475400205A16 /* Base */,
			);
			name = MainMenu.xib;
			sourceTree = "<group>";
		};
/* End PBXVariantGroup section */

/* Begin XCBuildConfiguration section */
		D824F5141C0D475400205A16 /* Debug */ = {
			isa = XCBuildConfiguration;
			buildSettings = {
				ALWAYS_SEARCH_USER_PATHS = NO;
				CLANG_CXX_LANGUAGE_STANDARD = "gnu++0x";
				CLANG_CXX_LIBRARY = "libc++";
				CLANG_ENABLE_MODULES = YES;
				CLANG_ENABLE_OBJC_ARC = YES;
				CLANG_WARN_BOOL_CONVERSION = YES;
				CLANG_WARN_CONSTANT_CONVERSION = YES;
				CLANG_WARN_DIRECT_OBJC_ISA_USAGE = YES_ERROR;
				CLANG_WARN_EMPTY_BODY = YES;
				CLANG_WARN_ENUM_CONVERSION = YES;
				CLANG_WARN_INT_CONVERSION = YES;
				CLANG_WARN_OBJC_ROOT_CLASS = YES_ERROR;
				CLANG_WARN_UNREACHABLE_CODE = YES;
				CLANG_WARN__DUPLICATE_METHOD_MATCH = YES;
				CODE_SIGN_IDENTITY = "-";
				COPY_PHASE_STRIP = NO;
				DEBUG_INFORMATION_FORMAT = dwarf;
				ENABLE_STRICT_OBJC_MSGSEND = YES;
				ENABLE_TESTABILITY = YES;
				GCC_C_LANGUAGE_STANDARD = gnu99;
				GCC_DYNAMIC_NO_PIC = NO;
				GCC_NO_COMMON_BLOCKS = YES;
				GCC_OPTIMIZATION_LEVEL = 0;
				GCC_PREPROCESSOR_DEFINITIONS = (
					"DEBUG=1",
					"$(inherited)",
				);
				GCC_WARN_64_TO_32_BIT_CONVERSION = YES;
				GCC_WARN_ABOUT_RETURN_TYPE = YES_ERROR;
				GCC_WARN_UNDECLARED_SELECTOR = YES;
				GCC_WARN_UNINITIALIZED_AUTOS = YES_AGGRESSIVE;
				GCC_WARN_UNUSED_FUNCTION = YES;
				GCC_WARN_UNUSED_VARIABLE = YES;
				MACOSX_DEPLOYMENT_TARGET = 10.10;
				MTL_ENABLE_DEBUG_INFO = YES;
				ONLY_ACTIVE_ARCH = YES;
				SDKROOT = macosx;
			};
			name = Debug;
		};
		D824F5151C0D475400205A16 /* Release */ = {
			isa = XCBuildConfiguration;
			buildSettings = {
				ALWAYS_SEARCH_USER_PATHS = NO;
				CLANG_CXX_LANGUAGE_STANDARD = "gnu++0x";
				CLANG_CXX_LIBRARY = "libc++";
				CLANG_ENABLE_MODULES = YES;
				CLANG_ENABLE_OBJC_ARC = YES;
				CLANG_WARN_BOOL_CONVERSION = YES;
				CLANG_WARN_CONSTANT_CONVERSION = YES;
				CLANG_WARN_DIRECT_OBJC_ISA_USAGE = YES_ERROR;
				CLANG_WARN_EMPTY_BODY = YES;
				CLANG_WARN_ENUM_CONVERSION = YES;
				CLANG_WARN_INT_CONVERSION = YES;
				CLANG_WARN_OBJC_ROOT_CLASS = YES_ERROR;
				CLANG_WARN_UNREACHABLE_CODE = YES;
				CLANG_WARN__DUPLICATE_METHOD_MATCH = YES;
				CODE_SIGN_IDENTITY = "-";
				COPY_PHASE_STRIP = NO;
				DEBUG_INFORMATION_FORMAT = "dwarf-with-dsym";
				ENABLE_NS_ASSERTIONS = NO;
				ENABLE_STRICT_OBJC_MSGSEND = YES;
				GCC_C_LANGUAGE_STANDARD = gnu99;
				GCC_NO_COMMON_BLOCKS = YES;
				GCC_WARN_64_TO_32_BIT_CONVERSION = YES;
				GCC_WARN_ABOUT_RETURN_TYPE = YES_ERROR;
				GCC_WARN_UNDECLARED_SELECTOR = YES;
				GCC_WARN_UNINITIALIZED_AUTOS = YES_AGGRESSIVE;
				GCC_WARN_UNUSED_FUNCTION = YES;
				GCC_WARN_UNUSED_VARIABLE = YES;
				MACOSX_DEPLOYMENT_TARGET = 10.10;
				MTL_ENABLE_DEBUG_INFO = NO;
				SDKROOT = macosx;
			};
			name = Release;
		};
		D824F5171C0D475400205A16 /* Debug */ = {
			isa = XCBuildConfiguration;
			buildSettings = {
				ASSETCATALOG_COMPILER_APPICON_NAME = AppIcon;
				COMBINE_HIDPI_IMAGES = YES;
				INFOPLIST_FILE = "OTA Builder/Info.plist";
				LD_RUNPATH_SEARCH_PATHS = "$(inherited) @executable_path/../Frameworks";
				PRODUCT_BUNDLE_IDENTIFIER = "carsonwu.OTA-Builder";
				PRODUCT_NAME = "$(TARGET_NAME)";
			};
			name = Debug;
		};
		D824F5181C0D475400205A16 /* Release */ = {
			isa = XCBuildConfiguration;
			buildSettings = {
				ASSETCATALOG_COMPILER_APPICON_NAME = AppIcon;
				COMBINE_HIDPI_IMAGES = YES;
				INFOPLIST_FILE = "OTA Builder/Info.plist";
				LD_RUNPATH_SEARCH_PATHS = "$(inherited) @executable_path/../Frameworks";
				PRODUCT_BUNDLE_IDENTIFIER = "carsonwu.OTA-Builder";
				PRODUCT_NAME = "$(TARGET_NAME)";
			};
			name = Release;
		};
/* End XCBuildConfiguration section */

/* Begin XCConfigurationList section */
		D824F4EA1C0D475400205A16 /* Build configuration list for PBXProject "OTA Builder" */ = {
			isa = XCConfigurationList;
			buildConfigurations = (
				D824F5141C0D475400205A16 /* Debug */,
				D824F5151C0D475400205A16 /* Release */,
			);
			defaultConfigurationIsVisible = 0;
			defaultConfigurationName = Release;
		};
		D824F5161C0D475400205A16 /* Build configuration list for PBXNativeTarget "OTA Builder" */ = {
			isa = XCConfigurationList;
			buildConfigurations = (
				D824F5171C0D475400205A16 /* Debug */,
				D824F5181C0D475400205A16 /* Release */,
			);
			defaultConfigurationIsVisible = 0;
			defaultConfigurationName = Release;
		};
/* End XCConfigurationList section */
	};
	rootObject = D824F4E71C0D475400205A16 /* Project object */;
}
